{
  "name": "plugin",
  "lockfileVersion": 3,
  "requires": true,
  "packages": {
    "": {
      "dependencies": {
        "@ast-grep/cli": "^0.27.3"
      }
    },
    "node_modules/@ast-grep/cli": {
      "version": "0.27.3",
      "resolved": "https://registry.npmjs.org/@ast-grep/cli/-/cli-0.27.3.tgz",
      "integrity": "sha512-arkMPZeRoX1QMKjXBzZdlkZk4KdXvzd8sDR8qGS3K8U7i0vKlocEbL1FrlruZ8fjQaULS7hC4s1t601/uTv0SQ==",
      "hasInstallScript": true,
      "dependencies": {
        "detect-libc": "2.0.3"
      },
      "bin": {
        "ast-grep": "ast-grep",
        "sg": "sg"
      },
      "engines": {
        "node": ">= 12.0.0"
      },
      "optionalDependencies": {
        "@ast-grep/cli-darwin-arm64": "0.27.3",
        "@ast-grep/cli-darwin-x64": "0.27.3",
        "@ast-grep/cli-linux-arm64-gnu": "0.27.3",
        "@ast-grep/cli-linux-x64-gnu": "0.27.3",
        "@ast-grep/cli-win32-arm64-msvc": "0.27.3",
        "@ast-grep/cli-win32-ia32-msvc": "0.27.3",
        "@ast-grep/cli-win32-x64-msvc": "0.27.3"
      }
    },
    "node_modules/@ast-grep/cli-darwin-arm64": {
      "version": "0.27.3",
      "resolved": "https://registry.npmjs.org/@ast-grep/cli-darwin-arm64/-/cli-darwin-arm64-0.27.3.tgz",
      "integrity": "sha512-s4qYj0HHqckTdT4zTpmXprV3pwPhlq4T+M2I1R6/XhobsAWgbZxFKojahAMwUvc30Y3F1QSwOj7EK3atGED5Mw==",
      "cpu": [
        "arm64"
      ],
      "license": "MIT",
      "optional": true,
      "os": [
        "darwin"
      ],
      "engines": {
        "node": ">= 10"
      }
    },
    "node_modules/@ast-grep/cli-darwin-x64": {
      "version": "0.27.3",
      "resolved": "https://registry.npmjs.org/@ast-grep/cli-darwin-x64/-/cli-darwin-x64-0.27.3.tgz",
      "integrity": "sha512-459nxY26si594lVAEBF8nLZHz9mN7uM6HmQubNZ0fWlUu+kG9Ya68QRx9jBzNaSi0k1s9ga0OrBqJTl8nRU6BQ==",
      "cpu": [
        "x64"
      ],
      "license": "MIT",
      "optional": true,
      "os": [
        "darwin"
      ],
      "engines": {
        "node": ">= 10"
      }
    },
    "node_modules/@ast-grep/cli-linux-arm64-gnu": {
      "version": "0.27.3",
      "resolved": "https://registry.npmjs.org/@ast-grep/cli-linux-arm64-gnu/-/cli-linux-arm64-gnu-0.27.3.tgz",
      "integrity": "sha512-TXvSQWd9qwnbMuU++WAk11Sfxeh8aJ4G73/JdQrd9EbHa6GQgtyBni99tiKvHepNqjPU7NljKptWRNHWd+pQ9Q==",
      "cpu": [
        "arm64"
      ],
      "license": "MIT",
      "optional": true,
      "os": [
        "linux"
      ],
      "engines": {
        "node": ">= 10"
      }
    },
    "node_modules/@ast-grep/cli-linux-x64-gnu": {
      "version": "0.27.3",
      "resolved": "https://registry.npmjs.org/@ast-grep/cli-linux-x64-gnu/-/cli-linux-x64-gnu-0.27.3.tgz",
      "integrity": "sha512-96RXxeTcB6FEzVazqjNiKX34LQ/EU4pksxu4utF9/n2qnqZ6QM7gxhsr98MdA/zx11jPfqmKE2uZPXVy6qN4/Q==",
      "cpu": [
        "x64"
      ],
      "license": "MIT",
      "optional": true,
      "os": [
        "linux"
      ],
      "engines": {
        "node": ">= 10"
      }
    },
    "node_modules/@ast-grep/cli-win32-arm64-msvc": {
      "version": "0.27.3",
      "resolved": "https://registry.npmjs.org/@ast-grep/cli-win32-arm64-msvc/-/cli-win32-arm64-msvc-0.27.3.tgz",
      "integrity": "sha512-hZ6MtJ2tTvcys+V6TOdw6b48dOLVR6qBlQJ8divkJGmXFCBHawGMCMcoVp5GcJY6Fy4/afVs+G6bRIPEcovTHg==",
      "cpu": [
        "arm64"
      ],
      "license": "MIT",
      "optional": true,
      "os": [
        "win32"
      ],
      "engines": {
        "node": ">= 10"
      }
    },
    "node_modules/@ast-grep/cli-win32-ia32-msvc": {
      "version": "0.27.3",
      "resolved": "https://registry.npmjs.org/@ast-grep/cli-win32-ia32-msvc/-/cli-win32-ia32-msvc-0.27.3.tgz",
      "integrity": "sha512-9++o0TyCT5LL+Qpfu7yK9J06a2ca+jCPN3V7Yf5Usv8DmCZ8RbK3bQUjRQiQkUdM+0FJyeI/qcrftgv+ggcXNQ==",
      "cpu": [
        "ia32"
      ],
      "license": "MIT",
      "optional": true,
      "os": [
        "win32"
      ],
      "engines": {
        "node": ">= 10"
      }
    },
    "node_modules/@ast-grep/cli-win32-x64-msvc": {
      "version": "0.27.3",
      "resolved": "https://registry.npmjs.org/@ast-grep/cli-win32-x64-msvc/-/cli-win32-x64-msvc-0.27.3.tgz",
      "integrity": "sha512-GbYfu7O/D7nuy7FFhl4Czw2l5nhtpoLel+0bccGcM+FIQStgpgKH0s/ACf1bb6gY6n2Getm6y9zBQ4j0dbFOdw==",
      "cpu": [
        "x64"
      ],
      "license": "MIT",
      "optional": true,
      "os": [
        "win32"
      ],
      "engines": {
        "node": ">= 10"
      }
    },
    "node_modules/detect-libc": {
      "version": "2.0.3",
      "resolved": "https://registry.npmjs.org/detect-libc/-/detect-libc-2.0.3.tgz",
      "integrity": "sha512-bwy0MGW55bG41VqxxypOsdSdGqLwXPI/focwgTYCFMbdUiBAxLg9CFzG08sz2aqzknwiX7Hkl0bQENjg8iLByw==",
      "license": "Apache-2.0",
      "engines": {
        "node": ">=8"
      }
    }
  }
}
